
Microsoft Visual Studio Solution File, Format Version 12.00
# Visual Studio Version 16
VisualStudioVersion = 16.0.30523.141
MinimumVisualStudioVersion = 10.0.40219.1
Project("{FAE04EC0-301F-11D3-BF4B-00C04F79EFBC}") = "examen1Componentes", "examen1Componentes.csproj", "{F53CEDC5-716D-4F5A-8679-A8148C3F5370}"
EndProject
Global
	GlobalSection(SolutionConfigurationPlatforms) = preSolution
		Debug|Any CPU = Debug|Any CPU
		Release|Any CPU = Release|Any CPU
	EndGlobalSection
	GlobalSection(ProjectConfigurationPlatforms) = postSolution
		{F53CEDC5-716D-4F5A-8679-A8148C3F5370}.Debug|Any CPU.ActiveCfg = Debug|Any CPU
		{F53CEDC5-716D-4F5A-8679-A8148C3F5370}.Debug|Any CPU.Build.0 = Debug|Any CPU
		{F53CEDC5-716D-4F5A-8679-A8148C3F5370}.Release|Any CPU.ActiveCfg = Release|Any CPU
		{F53CEDC5-716D-4F5A-8679-A8148C3F5370}.Release|Any CPU.Build.0 = Release|Any CPU
	EndGlobalSection
	GlobalSection(SolutionProperties) = preSolution
		HideSolutionNode = FALSE
	EndGlobalSection
	GlobalSection(ExtensibilityGlobals) = postSolution
		SolutionGuid = {3323BC05-65BB-45B0-AC4C-7A73D5ADC3EE}
	EndGlobalSection
EndGlobal
